
Microsoft Visual Studio Solution File, Format Version 12.00
# Visual Studio 15
VisualStudioVersion = 15.0.28307.1267
MinimumVisualStudioVersion = 10.0.40219.1
Project("{FAE04EC0-301F-11D3-BF4B-00C04F79EFBC}") = "GCWebAPI", "GCWebAPI\GCWebAPI.csproj", "{97E09FFE-8A8B-4824-966D-98F3F2AC83D0}"
EndProject
Global
	GlobalSection(SolutionConfigurationPlatforms) = preSolution
		Debug|Any CPU = Debug|Any CPU
		Release|Any CPU = Release|Any CPU
	EndGlobalSection
	GlobalSection(ProjectConfigurationPlatforms) = postSolution
		{97E09FFE-8A8B-4824-966D-98F3F2AC83D0}.Debug|Any CPU.ActiveCfg = Debug|Any CPU
		{97E09FFE-8A8B-4824-966D-98F3F2AC83D0}.Debug|Any CPU.Build.0 = Debug|Any CPU
		{97E09FFE-8A8B-4824-966D-98F3F2AC83D0}.Release|Any CPU.ActiveCfg = Release|Any CPU
		{97E09FFE-8A8B-4824-966D-98F3F2AC83D0}.Release|Any CPU.Build.0 = Release|Any CPU
	EndGlobalSection
	GlobalSection(SolutionProperties) = preSolution
		HideSolutionNode = FALSE
	EndGlobalSection
	GlobalSection(ExtensibilityGlobals) = postSolution
		SolutionGuid = {521FB9D4-201A-47C1-AB81-DECC5DF06554}
	EndGlobalSection
EndGlobal
